// !$*UTF8*$!
{
	archiveVersion = 1;
	classes = {
	};
	objectVersion = 50;
	objects = {

/* Begin PBXBuildFile section */
		234F6CF22399A75C009389A1 /* ModeSelect.swift in Sources */ = {isa = PBXBuildFile; fileRef = 234F6CF12399A75C009389A1 /* ModeSelect.swift */; };
		234F6CF42399A987009389A1 /* CustomKeyboard.swift in Sources */ = {isa = PBXBuildFile; fileRef = 234F6CF32399A987009389A1 /* CustomKeyboard.swift */; };
		2358B2872381775900F56463 /* AppDelegate.swift in Sources */ = {isa = PBXBuildFile; fileRef = 2358B2862381775900F56463 /* AppDelegate.swift */; };
		2358B2892381775900F56463 /* SceneDelegate.swift in Sources */ = {isa = PBXBuildFile; fileRef = 2358B2882381775900F56463 /* SceneDelegate.swift */; };
		2358B28B2381775900F56463 /* ContentView.swift in Sources */ = {isa = PBXBuildFile; fileRef = 2358B28A2381775900F56463 /* ContentView.swift */; };
		2358B28D2381775B00F56463 /* Assets.xcassets in Resources */ = {isa = PBXBuildFile; fileRef = 2358B28C2381775B00F56463 /* Assets.xcassets */; };
		2358B2902381775B00F56463 /* Preview Assets.xcassets in Resources */ = {isa = PBXBuildFile; fileRef = 2358B28F2381775B00F56463 /* Preview Assets.xcassets */; };
		2358B2932381775B00F56463 /* LaunchScreen.storyboard in Resources */ = {isa = PBXBuildFile; fileRef = 2358B2912381775B00F56463 /* LaunchScreen.storyboard */; };
		23897533239819050092922D /* LangPicker.swift in Sources */ = {isa = PBXBuildFile; fileRef = 23897532239819050092922D /* LangPicker.swift */; };
/* End PBXBuildFile section */

/* Begin PBXFileReference section */
		234F6CF12399A75C009389A1 /* ModeSelect.swift */ = {isa = PBXFileReference; lastKnownFileType = sourcecode.swift; path = ModeSelect.swift; sourceTree = "<group>"; };
		234F6CF32399A987009389A1 /* CustomKeyboard.swift */ = {isa = PBXFileReference; lastKnownFileType = sourcecode.swift; path = CustomKeyboard.swift; sourceTree = "<group>"; };
		2358B2832381775900F56463 /* NumberSpeakPlay.app */ = {isa = PBXFileReference; explicitFileType = wrapper.application; includeInIndex = 0; path = NumberSpeakPlay.app; sourceTree = BUILT_PRODUCTS_DIR; };
		2358B2862381775900F56463 /* AppDelegate.swift */ = {isa = PBXFileReference; lastKnownFileType = sourcecode.swift; path = AppDelegate.swift; sourceTree = "<group>"; };
		2358B2882381775900F56463 /* SceneDelegate.swift */ = {isa = PBXFileReference; lastKnownFileType = sourcecode.swift; path = SceneDelegate.swift; sourceTree = "<group>"; };
		2358B28A2381775900F56463 /* ContentView.swift */ = {isa = PBXFileReference; lastKnownFileType = sourcecode.swift; path = ContentView.swift; sourceTree = "<group>"; };
		2358B28C2381775B00F56463 /* Assets.xcassets */ = {isa = PBXFileReference; lastKnownFileType = folder.assetcatalog; path = Assets.xcassets; sourceTree = "<group>"; };
		2358B28F2381775B00F56463 /* Preview Assets.xcassets */ = {isa = PBXFileReference; lastKnownFileType = folder.assetcatalog; path = "Preview Assets.xcassets"; sourceTree = "<group>"; };
		2358B2922381775B00F56463 /* Base */ = {isa = PBXFileReference; lastKnownFileType = file.storyboard; name = Base; path = Base.lproj/LaunchScreen.storyboard; sourceTree = "<group>"; };
		2358B2942381775B00F56463 /* Info.plist */ = {isa = PBXFileReference; lastKnownFileType = text.plist.xml; path = Info.plist; sourceTree = "<group>"; };
		23897532239819050092922D /* LangPicker.swift */ = {isa = PBXFileReference; lastKnownFileType = sourcecode.swift; path = LangPicker.swift; sourceTree = "<group>"; };
/* End PBXFileReference section */

/* Begin PBXFrameworksBuildPhase section */
		2358B2802381775900F56463 /* Frameworks */ = {
			isa = PBXFrameworksBuildPhase;
			buildActionMask = 2147483647;
			files = (
			);
			runOnlyForDeploymentPostprocessing = 0;
		};
/* End PBXFrameworksBuildPhase section */

/* Begin PBXGroup section */
		2358B27A2381775900F56463 = {
			isa = PBXGroup;
			children = (
				2358B2852381775900F56463 /* NumberSpeakPlay */,
				2358B2842381775900F56463 /* Products */,
			);
			sourceTree = "<group>";
		};
		2358B2842381775900F56463 /* Products */ = {
			isa = PBXGroup;
			children = (
				2358B2832381775900F56463 /* NumberSpeakPlay.app */,
			);
			name = Products;
			sourceTree = "<group>";
		};
		2358B2852381775900F56463 /* NumberSpeakPlay */ = {
			isa = PBXGroup;
			children = (
				2358B2862381775900F56463 /* AppDelegate.swift */,
				2358B2882381775900F56463 /* SceneDelegate.swift */,
				2358B28A2381775900F56463 /* ContentView.swift */,
				2358B28C2381775B00F56463 /* Assets.xcassets */,
				2358B2912381775B00F56463 /* LaunchScreen.storyboard */,
				2358B2942381775B00F56463 /* Info.plist */,
				2358B28E2381775B00F56463 /* Preview Content */,
				23897532239819050092922D /* LangPicker.swift */,
				234F6CF12399A75C009389A1 /* ModeSelect.swift */,
				234F6CF32399A987009389A1 /* CustomKeyboard.swift */,
			);
			path = NumberSpeakPlay;
			sourceTree = "<group>";
		};
		2358B28E2381775B00F56463 /* Preview Content */ = {
			isa = PBXGroup;
			children = (
				2358B28F2381775B00F56463 /* Preview Assets.xcassets */,
			);
			path = "Preview Content";
			sourceTree = "<group>";
		};
/* End PBXGroup section */

/* Begin PBXNativeTarget section */
		2358B2822381775900F56463 /* NumberSpeakPlay */ = {
			isa = PBXNativeTarget;
			buildConfigurationList = 2358B2972381775B00F56463 /* Build configuration list for PBXNativeTarget "NumberSpeakPlay" */;
			buildPhases = (
				2358B27F2381775900F56463 /* Sources */,
				2358B2802381775900F56463 /* Frameworks */,
				2358B2812381775900F56463 /* Resources */,
			);
			buildRules = (
			);
			dependencies = (
			);
			name = NumberSpeakPlay;
			productName = NumberSpeakPlay;
			productReference = 2358B2832381775900F56463 /* NumberSpeakPlay.app */;
			productType = "com.apple.product-type.application";
		};
/* End PBXNativeTarget section */

/* Begin PBXProject section */
		2358B27B2381775900F56463 /* Project object */ = {
			isa = PBXProject;
			attributes = {
				LastSwiftUpdateCheck = 1120;
				LastUpgradeCheck = 1120;
				ORGANIZATIONNAME = bellovic;
				TargetAttributes = {
					2358B2822381775900F56463 = {
						CreatedOnToolsVersion = 11.2.1;
					};
				};
			};
			buildConfigurationList = 2358B27E2381775900F56463 /* Build configuration list for PBXProject "NumberSpeakPlay" */;
			compatibilityVersion = "Xcode 9.3";
			developmentRegion = en;
			hasScannedForEncodings = 0;
			knownRegions = (
				en,
				Base,
			);
			mainGroup = 2358B27A2381775900F56463;
			productRefGroup = 2358B2842381775900F56463 /* Products */;
			projectDirPath = "";
			projectRoot = "";
			targets = (
				2358B2822381775900F56463 /* NumberSpeakPlay */,
			);
		};
/* End PBXProject section */

/* Begin PBXResourcesBuildPhase section */
		2358B2812381775900F56463 /* Resources */ = {
			isa = PBXResourcesBuildPhase;
			buildActionMask = 2147483647;
			files = (
				2358B2932381775B00F56463 /* LaunchScreen.storyboard in Resources */,
				2358B2902381775B00F56463 /* Preview Assets.xcassets in Resources */,
				2358B28D2381775B00F56463 /* Assets.xcassets in Resources */,
			);
			runOnlyForDeploymentPostprocessing = 0;
		};
/* End PBXResourcesBuildPhase section */

/* Begin PBXSourcesBuildPhase section */
		2358B27F2381775900F56463 /* Sources */ = {
			isa = PBXSourcesBuildPhase;
			buildActionMask = 2147483647;
			files = (
				2358B2872381775900F56463 /* AppDelegate.swift in Sources */,
				2358B2892381775900F56463 /* SceneDelegate.swift in Sources */,
				2358B28B2381775900F56463 /* ContentView.swift in Sources */,
				234F6CF42399A987009389A1 /* CustomKeyboard.swift in Sources */,
				23897533239819050092922D /* LangPicker.swift in Sources */,
				234F6CF22399A75C009389A1 /* ModeSelect.swift in Sources */,
			);
			runOnlyForDeploymentPostprocessing = 0;
		};
/* End PBXSourcesBuildPhase section */

/* Begin PBXVariantGroup section */
		2358B2912381775B00F56463 /* LaunchScreen.storyboard */ = {
			isa = PBXVariantGroup;
			children = (
				2358B2922381775B00F56463 /* Base */,
			);
			name = LaunchScreen.storyboard;
			sourceTree = "<group>";
		};
/* End PBXVariantGroup section */

/* Begin XCBuildConfiguration section */
		2358B2952381775B00F56463 /* Debug */ = {
			isa = XCBuildConfiguration;
			buildSettings = {
				ALWAYS_SEARCH_USER_PATHS = NO;
				CLANG_ANALYZER_NONNULL = YES;
				CLANG_ANALYZER_NUMBER_OBJECT_CONVERSION = YES_AGGRESSIVE;
				CLANG_CXX_LANGUAGE_STANDARD = "gnu++14";
				CLANG_CXX_LIBRARY = "libc++";
				CLANG_ENABLE_MODULES = YES;
				CLANG_ENABLE_OBJC_ARC = YES;
				CLANG_ENABLE_OBJC_WEAK = YES;
				CLANG_WARN_BLOCK_CAPTURE_AUTORELEASING = YES;
				CLANG_WARN_BOOL_CONVERSION = YES;
				CLANG_WARN_COMMA = YES;
				CLANG_WARN_CONSTANT_CONVERSION = YES;
				CLANG_WARN_DEPRECATED_OBJC_IMPLEMENTATIONS = YES;
				CLANG_WARN_DIRECT_OBJC_ISA_USAGE = YES_ERROR;
				CLANG_WARN_DOCUMENTATION_COMMENTS = YES;
				CLANG_WARN_EMPTY_BODY = YES;
				CLANG_WARN_ENUM_CONVERSION = YES;
				CLANG_WARN_INFINITE_RECURSION = YES;
				CLANG_WARN_INT_CONVERSION = YES;
				CLANG_WARN_NON_LITERAL_NULL_CONVERSION = YES;
				CLANG_WARN_OBJC_IMPLICIT_RETAIN_SELF = YES;
				CLANG_WARN_OBJC_LITERAL_CONVERSION = YES;
				CLANG_WARN_OBJC_ROOT_CLASS = YES_ERROR;
				CLANG_WARN_RANGE_LOOP_ANALYSIS = YES;
				CLANG_WARN_STRICT_PROTOTYPES = YES;
				CLANG_WARN_SUSPICIOUS_MOVE = YES;
				CLANG_WARN_UNGUARDED_AVAILABILITY = YES_AGGRESSIVE;
				CLANG_WARN_UNREACHABLE_CODE = YES;
				CLANG_WARN__DUPLICATE_METHOD_MATCH = YES;
				COPY_PHASE_STRIP = NO;
				DEBUG_INFORMATION_FORMAT = dwarf;
				ENABLE_STRICT_OBJC_MSGSEND = YES;
				ENABLE_TESTABILITY = YES;
				GCC_C_LANGUAGE_STANDARD = gnu11;
				GCC_DYNAMIC_NO_PIC = NO;
				GCC_NO_COMMON_BLOCKS = YES;
				GCC_OPTIMIZATION_LEVEL = 0;
				GCC_PREPROCESSOR_DEFINITIONS = (
					"DEBUG=1",
					"$(inherited)",
				);
				GCC_WARN_64_TO_32_BIT_CONVERSION = YES;
				GCC_WARN_ABOUT_RETURN_TYPE = YES_ERROR;
				GCC_WARN_UNDECLARED_SELECTOR = YES;
				GCC_WARN_UNINITIALIZED_AUTOS = YES_AGGRESSIVE;
				GCC_WARN_UNUSED_FUNCTION = YES;
				GCC_WARN_UNUSED_VARIABLE = YES;
				IPHONEOS_DEPLOYMENT_TARGET = 13.2;
				MTL_ENABLE_DEBUG_INFO = INCLUDE_SOURCE;
				MTL_FAST_MATH = YES;
				ONLY_ACTIVE_ARCH = YES;
				SDKROOT = iphoneos;
				SWIFT_ACTIVE_COMPILATION_CONDITIONS = DEBUG;
				SWIFT_OPTIMIZATION_LEVEL = "-Onone";
			};
			name = Debug;
		};
		2358B2962381775B00F56463 /* Release */ = {
			isa = XCBuildConfiguration;
			buildSettings = {
				ALWAYS_SEARCH_USER_PATHS = NO;
				CLANG_ANALYZER_NONNULL = YES;
				CLANG_ANALYZER_NUMBER_OBJECT_CONVERSION = YES_AGGRESSIVE;
				CLANG_CXX_LANGUAGE_STANDARD = "gnu++14";
				CLANG_CXX_LIBRARY = "libc++";
				CLANG_ENABLE_MODULES = YES;
				CLANG_ENABLE_OBJC_ARC = YES;
				CLANG_ENABLE_OBJC_WEAK = YES;
				CLANG_WARN_BLOCK_CAPTURE_AUTORELEASING = YES;
				CLANG_WARN_BOOL_CONVERSION = YES;
				CLANG_WARN_COMMA = YES;
				CLANG_WARN_CONSTANT_CONVERSION = YES;
				CLANG_WARN_DEPRECATED_OBJC_IMPLEMENTATIONS = YES;
				CLANG_WARN_DIRECT_OBJC_ISA_USAGE = YES_ERROR;
				CLANG_WARN_DOCUMENTATION_COMMENTS = YES;
				CLANG_WARN_EMPTY_BODY = YES;
				CLANG_WARN_ENUM_CONVERSION = YES;
				CLANG_WARN_INFINITE_RECURSION = YES;
				CLANG_WARN_INT_CONVERSION = YES;
				CLANG_WARN_NON_LITERAL_NULL_CONVERSION = YES;
				CLANG_WARN_OBJC_IMPLICIT_RETAIN_SELF = YES;
				CLANG_WARN_OBJC_LITERAL_CONVERSION = YES;
				CLANG_WARN_OBJC_ROOT_CLASS = YES_ERROR;
				CLANG_WARN_RANGE_LOOP_ANALYSIS = YES;
				CLANG_WARN_STRICT_PROTOTYPES = YES;
				CLANG_WARN_SUSPICIOUS_MOVE = YES;
				CLANG_WARN_UNGUARDED_AVAILABILITY = YES_AGGRESSIVE;
				CLANG_WARN_UNREACHABLE_CODE = YES;
				CLANG_WARN__DUPLICATE_METHOD_MATCH = YES;
				COPY_PHASE_STRIP = NO;
				DEBUG_INFORMATION_FORMAT = "dwarf-with-dsym";
				ENABLE_NS_ASSERTIONS = NO;
				ENABLE_STRICT_OBJC_MSGSEND = YES;
				GCC_C_LANGUAGE_STANDARD = gnu11;
				GCC_NO_COMMON_BLOCKS = YES;
				GCC_WARN_64_TO_32_BIT_CONVERSION = YES;
				GCC_WARN_ABOUT_RETURN_TYPE = YES_ERROR;
				GCC_WARN_UNDECLARED_SELECTOR = YES;
				GCC_WARN_UNINITIALIZED_AUTOS = YES_AGGRESSIVE;
				GCC_WARN_UNUSED_FUNCTION = YES;
				GCC_WARN_UNUSED_VARIABLE = YES;
				IPHONEOS_DEPLOYMENT_TARGET = 13.2;
				MTL_ENABLE_DEBUG_INFO = NO;
				MTL_FAST_MATH = YES;
				SDKROOT = iphoneos;
				SWIFT_COMPILATION_MODE = wholemodule;
				SWIFT_OPTIMIZATION_LEVEL = "-O";
				VALIDATE_PRODUCT = YES;
			};
			name = Release;
		};
		2358B2982381775B00F56463 /* Debug */ = {
			isa = XCBuildConfiguration;
			buildSettings = {
				ASSETCATALOG_COMPILER_APPICON_NAME = AppIcon;
				CODE_SIGN_STYLE = Automatic;
				DEVELOPMENT_ASSET_PATHS = "\"NumberSpeakPlay/Preview Content\"";
				DEVELOPMENT_TEAM = HRP7WJWH3Y;
				ENABLE_PREVIEWS = YES;
				INFOPLIST_FILE = NumberSpeakPlay/Info.plist;
				LD_RUNPATH_SEARCH_PATHS = (
					"$(inherited)",
					"@executable_path/Frameworks",
				);
				PRODUCT_BUNDLE_IDENTIFIER = bellovic.NumberSpeakPlay;
				PRODUCT_NAME = "$(TARGET_NAME)";
				SWIFT_VERSION = 5.0;
				TARGETED_DEVICE_FAMILY = "1,2";
			};
			name = Debug;
		};
		2358B2992381775B00F56463 /* Release */ = {
			isa = XCBuildConfiguration;
			buildSettings = {
				ASSETCATALOG_COMPILER_APPICON_NAME = AppIcon;
				CODE_SIGN_STYLE = Automatic;
				DEVELOPMENT_ASSET_PATHS = "\"NumberSpeakPlay/Preview Content\"";
				DEVELOPMENT_TEAM = HRP7WJWH3Y;
				ENABLE_PREVIEWS = YES;
				INFOPLIST_FILE = NumberSpeakPlay/Info.plist;
				LD_RUNPATH_SEARCH_PATHS = (
					"$(inherited)",
					"@executable_path/Frameworks",
				);
				PRODUCT_BUNDLE_IDENTIFIER = bellovic.NumberSpeakPlay;
				PRODUCT_NAME = "$(TARGET_NAME)";
				SWIFT_VERSION = 5.0;
				TARGETED_DEVICE_FAMILY = "1,2";
			};
			name = Release;
		};
/* End XCBuildConfiguration section */

/* Begin XCConfigurationList section */
		2358B27E2381775900F56463 /* Build configuration list for PBXProject "NumberSpeakPlay" */ = {
			isa = XCConfigurationList;
			buildConfigurations = (
				2358B2952381775B00F56463 /* Debug */,
				2358B2962381775B00F56463 /* Release */,
			);
			defaultConfigurationIsVisible = 0;
			defaultConfigurationName = Release;
		};
		2358B2972381775B00F56463 /* Build configuration list for PBXNativeTarget "NumberSpeakPlay" */ = {
			isa = XCConfigurationList;
			buildConfigurations = (
				2358B2982381775B00F56463 /* Debug */,
				2358B2992381775B00F56463 /* Release */,
			);
			defaultConfigurationIsVisible = 0;
			defaultConfigurationName = Release;
		};
/* End XCConfigurationList section */
	};
	rootObject = 2358B27B2381775900F56463 /* Project object */;
}
